# THIS IS AN AUTOGENERATED FILE. DO NOT EDIT THIS FILE DIRECTLY.
# yarn lockfile v1


prettier-plugin-tailwindcss@^0.1.3:
  version "0.1.3"
  resolved "https://registry.yarnpkg.com/prettier-plugin-tailwindcss/-/prettier-plugin-tailwindcss-0.1.3.tgz#904d31084fef0a6070e185707b599aa3c153a53c"
  integrity sha512-k+X4HfaLHXwGlu3JdW6XahQIk3lvzBtx2F2jSMFmOU6Mqll9dhZdGz1MJFAHxzvLxEWvMWZQA4MmCIhsDid5Kg==

prettier@^2.5.1:
  version "2.5.1"
  resolved "https://registry.yarnpkg.com/prettier/-/prettier-2.5.1.tgz#fff75fa9d519c54cf0fce328c1017d94546bc56a"
  integrity sha512-vBZcPRUR5MZJwoyi3ZoyQlc1rXeEck8KgeC9AwwOn+exuxLxq5toTRDTSaVrXHxelDMHy9zlicw8u66yxoSUFg==
